# THIS IS AN AUTOGENERATED FILE. DO NOT EDIT THIS FILE DIRECTLY.
# yarn lockfile v1


"@playwright/test@^1.48.1":
  version "1.48.1"
  resolved "https://registry.yarnpkg.com/@playwright/test/-/test-1.48.1.tgz#343e710fcf2e559529e3ec8d7782e09f325b9396"
  integrity sha512-s9RtWoxkOLmRJdw3oFvhFbs9OJS0BzrLUc8Hf6l2UdCNd1rqeEyD4BhCJkvzeEoD1FsK4mirsWwGerhVmYKtZg==
  dependencies:
    playwright "1.48.1"

"@types/node@^22.5.4":
  version "22.7.9"
  resolved "https://registry.yarnpkg.com/@types/node/-/node-22.7.9.tgz#2bf2797b5e84702d8262ea2cf843c3c3c880d0e9"
  integrity sha512-jrTfRC7FM6nChvU7X2KqcrgquofrWLFDeYC1hKfwNWomVvrn7JIksqf344WN2X/y8xrgqBd2dJATZV4GbatBfg==
  dependencies:
    undici-types "~6.19.2"

allure-js-commons@2.15.1:
  version "2.15.1"
  resolved "https://registry.yarnpkg.com/allure-js-commons/-/allure-js-commons-2.15.1.tgz#570285472c80759017de699035218821fd12a7d3"
  integrity sha512-5V/VINplbu0APnfSZOkYpKOzucO36Q2EtTD1kqjWjl7n6tj7Hh+IHCZsH3Vpk/LXRDfj9RuXugBBvwYKV5YMJw==
  dependencies:
    md5 "^2.3.0"
    properties "^1.2.1"
    strip-ansi "^5.2.0"

allure-playwright@^2.9.2:
  version "2.15.1"
  resolved "https://registry.yarnpkg.com/allure-playwright/-/allure-playwright-2.15.1.tgz#c94e716b368db48de50a5095717a908007c7d8ad"
  integrity sha512-P1Uu1j/ptDHdYp3V5ZAeBZyt33+L+OQu0otUIEl/zkOcv0KRycHqlHwC0GEJmpgnLKvVP7s+K37LcLoSUUj3Cg==
  dependencies:
    allure-js-commons "2.15.1"

ansi-regex@^4.1.0:
  version "4.1.1"
  resolved "https://registry.yarnpkg.com/ansi-regex/-/ansi-regex-4.1.1.tgz#164daac87ab2d6f6db3a29875e2d1766582dabed"
  integrity sha512-ILlv4k/3f6vfQ4OoP2AGvirOktlQ98ZEL1k9FaQjxa3L1abBgbuTDAdPOpvbGncC0BTVQrl+OM8xZGK6tWXt7g==

charenc@0.0.2:
  version "0.0.2"
  resolved "https://registry.yarnpkg.com/charenc/-/charenc-0.0.2.tgz#c0a1d2f3a7092e03774bfa83f14c0fc5790a8667"
  integrity sha512-yrLQ/yVUFXkzg7EDQsPieE/53+0RlaWTs+wBrvW36cyilJ2SaDWfl4Yj7MtLTXleV9uEKefbAGUPv2/iWSooRA==

cross-env@^7.0.3:
  version "7.0.3"
  resolved "https://registry.yarnpkg.com/cross-env/-/cross-env-7.0.3.tgz#865264b29677dc015ba8418918965dd232fc54cf"
  integrity sha512-+/HKd6EgcQCJGh2PSjZuUitQBQynKor4wrFbRg4DtAgS1aWO+gU52xpH7M9ScGgXSYmAVS9bIJ8EzuaGw0oNAw==
  dependencies:
    cross-spawn "^7.0.1"

cross-spawn@^7.0.1:
  version "7.0.3"
  resolved "https://registry.yarnpkg.com/cross-spawn/-/cross-spawn-7.0.3.tgz#f73a85b9d5d41d045551c177e2882d4ac85728a6"
  integrity sha512-iRDPJKUPVEND7dHPO8rkbOnPpyDygcDFtWjpeWNCgy8WP2rXcxXL8TskReQl6OrB2G7+UJrags1q15Fudc7G6w==
  dependencies:
    path-key "^3.1.0"
    shebang-command "^2.0.0"
    which "^2.0.1"

crypt@0.0.2:
  version "0.0.2"
  resolved "https://registry.yarnpkg.com/crypt/-/crypt-0.0.2.tgz#88d7ff7ec0dfb86f713dc87bbb42d044d3e6c41b"
  integrity sha512-mCxBlsHFYh9C+HVpiEacem8FEBnMXgU9gy4zmNC+SXAZNB/1idgp/aulFJ4FgCi7GPEVbfyng092GqL2k2rmow==

fsevents@2.3.2:
  version "2.3.2"
  resolved "https://registry.yarnpkg.com/fsevents/-/fsevents-2.3.2.tgz#8a526f78b8fdf4623b709e0b975c52c24c02fd1a"
  integrity sha512-xiqMQR4xAeHTuB9uWm+fFRcIOgKBMiOBP+eXiyT7jsgVCq1bkVygt00oASowB7EdtpOHaaPgKt812P9ab+DDKA==

is-buffer@~1.1.6:
  version "1.1.6"
  resolved "https://registry.yarnpkg.com/is-buffer/-/is-buffer-1.1.6.tgz#efaa2ea9daa0d7ab2ea13a97b2b8ad51fefbe8be"
  integrity sha512-NcdALwpXkTm5Zvvbk7owOUSvVvBKDgKP5/ewfXEznmQFfs4ZRmanOeKBTjRVjka3QFoN6XJ+9F3USqfHqTaU5w==

isexe@^2.0.0:
  version "2.0.0"
  resolved "https://registry.yarnpkg.com/isexe/-/isexe-2.0.0.tgz#e8fbf374dc556ff8947a10dcb0572d633f2cfa10"
  integrity sha512-RHxMLp9lnKHGHRng9QFhRCMbYAcVpn69smSGcq3f36xjgVVWThj4qqLbTLlq7Ssj8B+fIQ1EuCEGI2lKsyQeIw==

md5@^2.3.0:
  version "2.3.0"
  resolved "https://registry.yarnpkg.com/md5/-/md5-2.3.0.tgz#c3da9a6aae3a30b46b7b0c349b87b110dc3bda4f"
  integrity sha512-T1GITYmFaKuO91vxyoQMFETst+O71VUPEU3ze5GNzDm0OWdP8v1ziTaAEPUr/3kLsY3Sftgz242A1SetQiDL7g==
  dependencies:
    charenc "0.0.2"
    crypt "0.0.2"
    is-buffer "~1.1.6"

path-key@^3.1.0:
  version "3.1.1"
  resolved "https://registry.yarnpkg.com/path-key/-/path-key-3.1.1.tgz#581f6ade658cbba65a0d3380de7753295054f375"
  integrity sha512-ojmeN0qd+y0jszEtoY48r0Peq5dwMEkIlCOu6Q5f41lfkswXuKtYrhgoTpLnyIcHm24Uhqx+5Tqm2InSwLhE6Q==

playwright-core@1.48.1:
  version "1.48.1"
  resolved "https://registry.yarnpkg.com/playwright-core/-/playwright-core-1.48.1.tgz#5fe28fb9a9326dae88d4608c35e819163cceeb23"
  integrity sha512-Yw/t4VAFX/bBr1OzwCuOMZkY1Cnb4z/doAFSwf4huqAGWmf9eMNjmK7NiOljCdLmxeRYcGPPmcDgU0zOlzP0YA==

playwright@1.48.1, playwright@^1.48.1:
  version "1.48.1"
  resolved "https://registry.yarnpkg.com/playwright/-/playwright-1.48.1.tgz#2a920cfbec4572c84789e757d8b044baaed49435"
  integrity sha512-j8CiHW/V6HxmbntOfyB4+T/uk08tBy6ph0MpBXwuoofkSnLmlfdYNNkFTYD6ofzzlSqLA1fwH4vwvVFvJgLN0w==
  dependencies:
    playwright-core "1.48.1"
  optionalDependencies:
    fsevents "2.3.2"

properties@^1.2.1:
  version "1.2.1"
  resolved "https://registry.yarnpkg.com/properties/-/properties-1.2.1.tgz#0ee97a7fc020b1a2a55b8659eda4aa8d869094bd"
  integrity sha512-qYNxyMj1JeW54i/EWEFsM1cVwxJbtgPp8+0Wg9XjNaK6VE/c4oRi6PNu5p7w1mNXEIQIjV5Wwn8v8Gz82/QzdQ==

shebang-command@^2.0.0:
  version "2.0.0"
  resolved "https://registry.yarnpkg.com/shebang-command/-/shebang-command-2.0.0.tgz#ccd0af4f8835fbdc265b82461aaf0c36663f34ea"
  integrity sha512-kHxr2zZpYtdmrN1qDjrrX/Z1rR1kG8Dx+gkpK1G4eXmvXswmcE1hTWBWYUzlraYw1/yZp6YuDY77YtvbN0dmDA==
  dependencies:
    shebang-regex "^3.0.0"

shebang-regex@^3.0.0:
  version "3.0.0"
  resolved "https://registry.yarnpkg.com/shebang-regex/-/shebang-regex-3.0.0.tgz#ae16f1644d873ecad843b0307b143362d4c42172"
  integrity sha512-7++dFhtcx3353uBaq8DDR4NuxBetBzC7ZQOhmTQInHEd6bSrXdiEyzCvG07Z44UYdLShWUyXt5M/yhz8ekcb1A==

strip-ansi@^5.2.0:
  version "5.2.0"
  resolved "https://registry.yarnpkg.com/strip-ansi/-/strip-ansi-5.2.0.tgz#8c9a536feb6afc962bdfa5b104a5091c1ad9c0ae"
  integrity sha512-DuRs1gKbBqsMKIZlrffwlug8MHkcnpjs5VPmL1PAh+mA30U0DTotfDZ0d2UUsXpPmPmMMJ6W773MaA3J+lbiWA==
  dependencies:
    ansi-regex "^4.1.0"

undici-types@~6.19.2:
  version "6.19.8"
  resolved "https://registry.yarnpkg.com/undici-types/-/undici-types-6.19.8.tgz#35111c9d1437ab83a7cdc0abae2f26d88eda0a02"
  integrity sha512-ve2KP6f/JnbPBFyobGHuerC9g1FYGn/F8n1LWTwNxCEzd6IfqTwUQcNXgEtmmQ6DlRrC1hrSrBnCZPokRrDHjw==

which@^2.0.1:
  version "2.0.2"
  resolved "https://registry.yarnpkg.com/which/-/which-2.0.2.tgz#7c6a8dd0a636a0327e10b59c9286eee93f3f51b1"
  integrity sha512-BLI3Tl1TW3Pvl70l3yq3Y64i+awpwXqsGBYWkkqMtnbXgrMD+yj7rhW0kuEDxzJaYXGjEW5ogapKNMEKNMjibA==
  dependencies:
    isexe "^2.0.0"
